
Microsoft Visual Studio Solution File, Format Version 12.00
# Visual Studio Version 17
VisualStudioVersion = 17.8.34322.80
MinimumVisualStudioVersion = 10.0.40219.1
Project("{9A19103F-16F7-4668-BE54-9A1E7A4F7556}") = "Shaps Project", "Shaps Project.csproj", "{706FA627-98CD-4E9B-99A0-B3BA1908C9C0}"
EndProject
Project("{FAE04EC0-301F-11D3-BF4B-00C04F79EFBC}") = "Clock Project", "..\Clock Project\Clock Project.csproj", "{E42F8FC8-07A2-4071-BDA6-AFDCC7394CD8}"
EndProject
Project("{FAE04EC0-301F-11D3-BF4B-00C04F79EFBC}") = "Shap Unit Test Project", "..\Shap Unit Test Project\Shap Unit Test Project.csproj", "{73AD313E-12CF-4CC0-9E85-0A0D1B8CE8A2}"
EndProject
Project("{FAE04EC0-301F-11D3-BF4B-00C04F79EFBC}") = "Clock Unit Test Project", "..\Clock Unit Test Project\Clock Unit Test Project.csproj", "{2A9B343F-1305-4E32-8E69-1219D88F39FA}"
EndProject
Global
	GlobalSection(SolutionConfigurationPlatforms) = preSolution
		Debug|Any CPU = Debug|Any CPU
		Release|Any CPU = Release|Any CPU
	EndGlobalSection
	GlobalSection(ProjectConfigurationPlatforms) = postSolution
		{706FA627-98CD-4E9B-99A0-B3BA1908C9C0}.Debug|Any CPU.ActiveCfg = Debug|Any CPU
		{706FA627-98CD-4E9B-99A0-B3BA1908C9C0}.Debug|Any CPU.Build.0 = Debug|Any CPU
		{706FA627-98CD-4E9B-99A0-B3BA1908C9C0}.Release|Any CPU.ActiveCfg = Release|Any CPU
		{706FA627-98CD-4E9B-99A0-B3BA1908C9C0}.Release|Any CPU.Build.0 = Release|Any CPU
		{E42F8FC8-07A2-4071-BDA6-AFDCC7394CD8}.Debug|Any CPU.ActiveCfg = Debug|Any CPU
		{E42F8FC8-07A2-4071-BDA6-AFDCC7394CD8}.Debug|Any CPU.Build.0 = Debug|Any CPU
		{E42F8FC8-07A2-4071-BDA6-AFDCC7394CD8}.Release|Any CPU.ActiveCfg = Release|Any CPU
		{E42F8FC8-07A2-4071-BDA6-AFDCC7394CD8}.Release|Any CPU.Build.0 = Release|Any CPU
		{73AD313E-12CF-4CC0-9E85-0A0D1B8CE8A2}.Debug|Any CPU.ActiveCfg = Debug|Any CPU
		{73AD313E-12CF-4CC0-9E85-0A0D1B8CE8A2}.Debug|Any CPU.Build.0 = Debug|Any CPU
		{73AD313E-12CF-4CC0-9E85-0A0D1B8CE8A2}.Release|Any CPU.ActiveCfg = Release|Any CPU
		{73AD313E-12CF-4CC0-9E85-0A0D1B8CE8A2}.Release|Any CPU.Build.0 = Release|Any CPU
		{2A9B343F-1305-4E32-8E69-1219D88F39FA}.Debug|Any CPU.ActiveCfg = Debug|Any CPU
		{2A9B343F-1305-4E32-8E69-1219D88F39FA}.Debug|Any CPU.Build.0 = Debug|Any CPU
		{2A9B343F-1305-4E32-8E69-1219D88F39FA}.Release|Any CPU.ActiveCfg = Release|Any CPU
		{2A9B343F-1305-4E32-8E69-1219D88F39FA}.Release|Any CPU.Build.0 = Release|Any CPU
	EndGlobalSection
	GlobalSection(SolutionProperties) = preSolution
		HideSolutionNode = FALSE
	EndGlobalSection
	GlobalSection(ExtensibilityGlobals) = postSolution
		SolutionGuid = {94A5DC05-72AB-40CA-A1B5-BA1F53DDD1D6}
	EndGlobalSection
EndGlobal
